# @generated - this file is auto-generated by `mise lock` https://mise.jdx.dev/dev-tools/mise-lock.html

[[tools.dprint]]
version = "0.53.2"
backend = "github:dprint/dprint"

[tools.dprint."platforms.linux-arm64"]
checksum = "sha256:490b620a386497b09ce25cc92c4cb784dfdb9d15448db972b164721d6f795ddd"
url = "https://github.com/dprint/dprint/releases/download/0.53.2/dprint-aarch64-unknown-linux-gnu.zip"
url_api = "https://api.github.com/repos/dprint/dprint/releases/assets/386379926"

[tools.dprint."platforms.linux-arm64-musl"]
checksum = "sha256:c3843a4604dac7428f41f762c4c352e409c63bd634172765bbac482dc59773ba"
url = "https://github.com/dprint/dprint/releases/download/0.53.2/dprint-aarch64-unknown-linux-musl.zip"
url_api = "https://api.github.com/repos/dprint/dprint/releases/assets/386379923"

[tools.dprint."platforms.linux-x64"]
checksum = "sha256:dcb73c6890c80dff15d5c91f7e01c09a5eb6e4c96373525765d08a60f02e4598"
url = "https://github.com/dprint/dprint/releases/download/0.53.2/dprint-x86_64-unknown-linux-gnu.zip"
url_api = "https://api.github.com/repos/dprint/dprint/releases/assets/386379930"

[tools.dprint."platforms.linux-x64-musl"]
checksum = "sha256:7ff2cf9b25c687bd59867528ae9a5526c17e75e82e9788bf1f84a0e3ca7163b6"
url = "https://github.com/dprint/dprint/releases/download/0.53.2/dprint-x86_64-unknown-linux-musl.zip"
url_api = "https://api.github.com/repos/dprint/dprint/releases/assets/386379927"

[tools.dprint."platforms.macos-arm64"]
checksum = "sha256:a185ba53f74e1e3a8ccdaf03a5d6f96b67d3fdf3f86d0d0f98950d15817eb0c4"
url = "https://github.com/dprint/dprint/releases/download/0.53.2/dprint-aarch64-apple-darwin.zip"
url_api = "https://api.github.com/repos/dprint/dprint/releases/assets/386379921"

[tools.dprint."platforms.macos-x64"]
checksum = "sha256:902a9cff86a0ce643d5f1bb53e3e2434096511542363924e18016ee7bedb769f"
url = "https://github.com/dprint/dprint/releases/download/0.53.2/dprint-x86_64-apple-darwin.zip"
url_api = "https://api.github.com/repos/dprint/dprint/releases/assets/386379925"

[tools.dprint."platforms.windows-x64"]
checksum = "sha256:f18910879d6796b05b0666513391ab7963b346723c041dc4d777d3f43179e416"
url = "https://github.com/dprint/dprint/releases/download/0.53.2/dprint-x86_64-pc-windows-msvc.zip"
url_api = "https://api.github.com/repos/dprint/dprint/releases/assets/386379920"

[[tools.go]]
version = "1.26.1"
backend = "core:go"

[[tools."go:golang.org/x/tools/cmd/goimports"]]
version = "0.43.0"
backend = "go:golang.org/x/tools/cmd/goimports"

[[tools.golangci-lint]]
version = "2.11.4"
backend = "aqua:golangci/golangci-lint"

[tools.golangci-lint."platforms.linux-arm64"]
checksum = "sha256:3bcfa2e6f3d32b2bf5cd75eaa876447507025e0303698633f722a05331988db4"
url = "https://github.com/golangci/golangci-lint/releases/download/v2.11.4/golangci-lint-2.11.4-linux-arm64.tar.gz"

[tools.golangci-lint."platforms.linux-arm64-musl"]
checksum = "sha256:3bcfa2e6f3d32b2bf5cd75eaa876447507025e0303698633f722a05331988db4"
url = "https://github.com/golangci/golangci-lint/releases/download/v2.11.4/golangci-lint-2.11.4-linux-arm64.tar.gz"

[tools.golangci-lint."platforms.linux-x64"]
checksum = "sha256:200c5b7503f67b59a6743ccf32133026c174e272b930ee79aa2aa6f37aca7ef1"
url = "https://github.com/golangci/golangci-lint/releases/download/v2.11.4/golangci-lint-2.11.4-linux-amd64.tar.gz"

[tools.golangci-lint."platforms.linux-x64-musl"]
checksum = "sha256:200c5b7503f67b59a6743ccf32133026c174e272b930ee79aa2aa6f37aca7ef1"
url = "https://github.com/golangci/golangci-lint/releases/download/v2.11.4/golangci-lint-2.11.4-linux-amd64.tar.gz"

[tools.golangci-lint."platforms.macos-arm64"]
checksum = "sha256:02db2a2dae8b26812e53b0688a6f617e3ef1f489790e829ea22862cf76945675"
url = "https://github.com/golangci/golangci-lint/releases/download/v2.11.4/golangci-lint-2.11.4-darwin-arm64.tar.gz"

[tools.golangci-lint."platforms.macos-x64"]
checksum = "sha256:c900d4048db75d1edfd550fd11cf6a9b3008e7caa8e119fcddbc700412d63e60"
url = "https://github.com/golangci/golangci-lint/releases/download/v2.11.4/golangci-lint-2.11.4-darwin-amd64.tar.gz"

[tools.golangci-lint."platforms.windows-x64"]
checksum = "sha256:4932cfca5e75bf60fe1c576edf459e5e809e6644664a068185d64b84af3fad9e"
url = "https://github.com/golangci/golangci-lint/releases/download/v2.11.4/golangci-lint-2.11.4-windows-amd64.zip"

[[tools.goreleaser]]
version = "2.15.2"
backend = "aqua:goreleaser/goreleaser"

[tools.goreleaser."platforms.linux-arm64"]
checksum = "sha256:5db66761a98f6693161e49e1a95d28d2673a892ba60cb4a5e16736cafd41c4c9"
url = "https://github.com/goreleaser/goreleaser/releases/download/v2.15.2/goreleaser_Linux_arm64.tar.gz"
provenance = "cosign"

[tools.goreleaser."platforms.linux-arm64-musl"]
checksum = "sha256:5db66761a98f6693161e49e1a95d28d2673a892ba60cb4a5e16736cafd41c4c9"
url = "https://github.com/goreleaser/goreleaser/releases/download/v2.15.2/goreleaser_Linux_arm64.tar.gz"
provenance = "cosign"

[tools.goreleaser."platforms.linux-x64"]
checksum = "sha256:0ebdbf0353aba566b969dde746cc4e4806f96c27aa2f3971b229a9df7611fedc"
url = "https://github.com/goreleaser/goreleaser/releases/download/v2.15.2/goreleaser_Linux_x86_64.tar.gz"
provenance = "cosign"

[tools.goreleaser."platforms.linux-x64-musl"]
checksum = "sha256:0ebdbf0353aba566b969dde746cc4e4806f96c27aa2f3971b229a9df7611fedc"
url = "https://github.com/goreleaser/goreleaser/releases/download/v2.15.2/goreleaser_Linux_x86_64.tar.gz"
provenance = "cosign"

[tools.goreleaser."platforms.macos-arm64"]
checksum = "sha256:0e6bd67688ac949780bf1166813a91f89856898ef4c40d7d46c2c74ebaa4b9ee"
url = "https://github.com/goreleaser/goreleaser/releases/download/v2.15.2/goreleaser_Darwin_all.tar.gz"
provenance = "cosign"

[tools.goreleaser."platforms.macos-x64"]
checksum = "sha256:0e6bd67688ac949780bf1166813a91f89856898ef4c40d7d46c2c74ebaa4b9ee"
url = "https://github.com/goreleaser/goreleaser/releases/download/v2.15.2/goreleaser_Darwin_all.tar.gz"
provenance = "cosign"

[tools.goreleaser."platforms.windows-x64"]
checksum = "sha256:7459832946dbe122c144f8d7f87484d8572ca005b779310aa6bb03346e8de17a"
url = "https://github.com/goreleaser/goreleaser/releases/download/v2.15.2/goreleaser_Windows_x86_64.zip"
provenance = "cosign"

[[tools.gotestsum]]
version = "1.13.0"
backend = "aqua:gotestyourself/gotestsum"

[tools.gotestsum."platforms.linux-arm64"]
checksum = "sha256:7644a4c5cd1bb978d56245aeab25a586ac5ac62adebed20a399548867c13499d"
url = "https://github.com/gotestyourself/gotestsum/releases/download/v1.13.0/gotestsum_1.13.0_linux_arm64.tar.gz"

[tools.gotestsum."platforms.linux-x64"]
checksum = "sha256:11ccddeaf708ef228889f9fe2f68291a75b27013ddfc3b18156e094f5f40e8ee"
url = "https://github.com/gotestyourself/gotestsum/releases/download/v1.13.0/gotestsum_1.13.0_linux_amd64.tar.gz"

[tools.gotestsum."platforms.macos-arm64"]
checksum = "sha256:509cb27aef747f48faf9bce424f59dcf79572c905204b990ee935bbfcc7fa0e9"
url = "https://github.com/gotestyourself/gotestsum/releases/download/v1.13.0/gotestsum_1.13.0_darwin_arm64.tar.gz"

[tools.gotestsum."platforms.macos-x64"]
checksum = "sha256:99529350f4c7b780b1efc543ca0d9721b09f0a4228f0efa9281261f58fefa05a"
url = "https://github.com/gotestyourself/gotestsum/releases/download/v1.13.0/gotestsum_1.13.0_darwin_amd64.tar.gz"

[tools.gotestsum."platforms.windows-x64"]
checksum = "sha256:fd5a6dc69e46a0970593e70d85a7e75f16714e9c61d6d72ccc324eb82df5bb8a"
url = "https://github.com/gotestyourself/gotestsum/releases/download/v1.13.0/gotestsum_1.13.0_windows_amd64.tar.gz"

[[tools.shfmt]]
version = "3.13.0"
backend = "aqua:mvdan/sh"

[tools.shfmt."platforms.linux-arm64"]
checksum = "sha256:2091a31afd47742051a77bf7cfd175533ab07e924c20ef3151cd108fa1cab5b0"
url = "https://github.com/mvdan/sh/releases/download/v3.13.0/shfmt_v3.13.0_linux_arm64"

[tools.shfmt."platforms.linux-arm64-musl"]
checksum = "sha256:2091a31afd47742051a77bf7cfd175533ab07e924c20ef3151cd108fa1cab5b0"
url = "https://github.com/mvdan/sh/releases/download/v3.13.0/shfmt_v3.13.0_linux_arm64"

[tools.shfmt."platforms.linux-x64"]
checksum = "sha256:70aa99784703a8d6569bbf0b1e43e1a91906a4166bf1a79de42050a6d0de7551"
url = "https://github.com/mvdan/sh/releases/download/v3.13.0/shfmt_v3.13.0_linux_amd64"

[tools.shfmt."platforms.linux-x64-musl"]
checksum = "sha256:70aa99784703a8d6569bbf0b1e43e1a91906a4166bf1a79de42050a6d0de7551"
url = "https://github.com/mvdan/sh/releases/download/v3.13.0/shfmt_v3.13.0_linux_amd64"

[tools.shfmt."platforms.macos-arm64"]
checksum = "sha256:650970603b5946dc6041836ddcfa7a19d99b5da885e4687f64575508e99cf718"
url = "https://github.com/mvdan/sh/releases/download/v3.13.0/shfmt_v3.13.0_darwin_arm64"

[tools.shfmt."platforms.macos-x64"]
checksum = "sha256:b6890a0009abf71d36d7c536ad56e3132c547ceb77cd5d5ee62b3469ab4e9417"
url = "https://github.com/mvdan/sh/releases/download/v3.13.0/shfmt_v3.13.0_darwin_amd64"

[tools.shfmt."platforms.windows-x64"]
checksum = "sha256:62241aaf6b0ca236f8625d8892784b73fa67ad40bc677a1ad1a64ae395f6a7d5"
url = "https://github.com/mvdan/sh/releases/download/v3.13.0/shfmt_v3.13.0_windows_amd64.exe"
