[[tools.dprint]]
version = "0.51.1"
backend = "github:dprint/dprint"
"platforms.linux-arm64" = { checksum = "sha256:05a0df273453f099092967641462951fd26dcad282a564f91cc4ad16ea02d526", url = "https://github.com/dprint/dprint/releases/download/0.51.1/dprint-aarch64-unknown-linux-gnu.zip", url_api = "https://api.github.com/repos/dprint/dprint/releases/assets/333853241"}
"platforms.linux-x64" = { checksum = "sha256:674c1f9fcdf8a564c26cc027e080d0c4758a40a566e04a776fc83c875ad51d45", url = "https://github.com/dprint/dprint/releases/download/0.51.1/dprint-x86_64-unknown-linux-gnu.zip", url_api = "https://api.github.com/repos/dprint/dprint/releases/assets/333853236"}
"platforms.macos-arm64" = { checksum = "sha256:cc1321a524d8e1312d376ce2c51343f43f8f5489c2e265f11aea5a6af4de52ad", url = "https://github.com/dprint/dprint/releases/download/0.51.1/dprint-aarch64-apple-darwin.zip", url_api = "https://api.github.com/repos/dprint/dprint/releases/assets/333853232"}
"platforms.macos-x64" = { checksum = "sha256:d7afcb650f4a6e7d60dc46924dede9a44f276a4f044600de7babad67c0479876", url = "https://github.com/dprint/dprint/releases/download/0.51.1/dprint-x86_64-apple-darwin.zip", url_api = "https://api.github.com/repos/dprint/dprint/releases/assets/333853233"}
"platforms.windows-x64" = { checksum = "sha256:e3f6604c7fec54cc737e2be215e467d194d912141de7b9569436503c6edd2195", url = "https://github.com/dprint/dprint/releases/download/0.51.1/dprint-x86_64-pc-windows-msvc.zip", url_api = "https://api.github.com/repos/dprint/dprint/releases/assets/333853235"}

[[tools.go]]
version = "1.26.0"
backend = "core:go"
"platforms.linux-arm64" = { checksum = "sha256:bd03b743eb6eb4193ea3c3fd3956546bf0e3ca5b7076c8226334afe6b75704cd", url = "https://dl.google.com/go/go1.26.0.linux-arm64.tar.gz"}
"platforms.linux-x64" = { checksum = "sha256:aac1b08a0fb0c4e0a7c1555beb7b59180b05dfc5a3d62e40e9de90cd42f88235", url = "https://dl.google.com/go/go1.26.0.linux-amd64.tar.gz"}
"platforms.macos-arm64" = { checksum = "sha256:b1640525dfe68f066d56f200bef7bf4dce955a1a893bd061de6754c211431023", url = "https://dl.google.com/go/go1.26.0.darwin-arm64.tar.gz"}
"platforms.macos-x64" = { checksum = "sha256:1ca28b7703cbea05a65b2a1d92d6b308610ef92f8824578a0874f2e60c9d5a22", url = "https://dl.google.com/go/go1.26.0.darwin-amd64.tar.gz"}
"platforms.windows-x64" = { checksum = "sha256:9bbe0fc64236b2b51f6255c05c4232532b8ecc0e6d2e00950bd3021d8a4d07d4", url = "https://dl.google.com/go/go1.26.0.windows-amd64.zip"}

[[tools."go:golang.org/x/tools/cmd/goimports"]]
version = "0.42.0"
backend = "go:golang.org/x/tools/cmd/goimports"

[[tools.golangci-lint]]
version = "2.9.0"
backend = "aqua:golangci/golangci-lint"
"platforms.linux-arm64" = { checksum = "sha256:94e80cdb51c73c20a313bd3afa1fb23137728813c19fd730248a1e8678fcc46d", url = "https://github.com/golangci/golangci-lint/releases/download/v2.9.0/golangci-lint-2.9.0-linux-arm64.tar.gz"}
"platforms.linux-x64" = { checksum = "sha256:493aaaca2eba6c8bcef847d92716bbd91bbac4b22cdbb0ab5b6a581b32946091", url = "https://github.com/golangci/golangci-lint/releases/download/v2.9.0/golangci-lint-2.9.0-linux-amd64.tar.gz"}
"platforms.macos-arm64" = { checksum = "sha256:a86eabba3507deddd21f2a01a1df2a0ee5bc5c8178d4165cdcaaad8597358760", url = "https://github.com/golangci/golangci-lint/releases/download/v2.9.0/golangci-lint-2.9.0-darwin-arm64.tar.gz"}
"platforms.macos-x64" = { checksum = "sha256:ba29a353be54a74c45946763983808dc8305eeeca73db1761b5ab112f87f8157", url = "https://github.com/golangci/golangci-lint/releases/download/v2.9.0/golangci-lint-2.9.0-darwin-amd64.tar.gz"}
"platforms.windows-x64" = { checksum = "sha256:130fca8fa959eb840267c5e231f030a948e0de1e768bf6a31785505d1061632c", url = "https://github.com/golangci/golangci-lint/releases/download/v2.9.0/golangci-lint-2.9.0-windows-amd64.zip"}

[[tools.goreleaser]]
version = "2.13.3"
backend = "aqua:goreleaser/goreleaser"
"platforms.linux-arm64" = { checksum = "sha256:156656d0f874542d618568bd50afd3d33ced2e8aab2c60cc7c21e1b9fa52031e", url = "https://github.com/goreleaser/goreleaser/releases/download/v2.13.3/goreleaser_Linux_arm64.tar.gz"}
"platforms.linux-x64" = { checksum = "sha256:4b66f2f78f78561330350651ade557b70328664718490f37834749073af21d20", url = "https://github.com/goreleaser/goreleaser/releases/download/v2.13.3/goreleaser_Linux_x86_64.tar.gz"}
"platforms.macos-arm64" = { checksum = "sha256:5516c37779efb3935d5b213cda3b0b9025ae94ddbcb51df6919acbcdef4194b0", url = "https://github.com/goreleaser/goreleaser/releases/download/v2.13.3/goreleaser_Darwin_all.tar.gz"}
"platforms.macos-x64" = { checksum = "sha256:5516c37779efb3935d5b213cda3b0b9025ae94ddbcb51df6919acbcdef4194b0", url = "https://github.com/goreleaser/goreleaser/releases/download/v2.13.3/goreleaser_Darwin_all.tar.gz"}
"platforms.windows-x64" = { checksum = "sha256:c5586c4ed749ca358ad61ed73ee4b8039cfa68daae8c23e69fb086d549dfb31d", url = "https://github.com/goreleaser/goreleaser/releases/download/v2.13.3/goreleaser_Windows_x86_64.zip"}

[[tools.gotestsum]]
version = "1.13.0"
backend = "aqua:gotestyourself/gotestsum"
"platforms.linux-arm64" = { checksum = "sha256:7644a4c5cd1bb978d56245aeab25a586ac5ac62adebed20a399548867c13499d", url = "https://github.com/gotestyourself/gotestsum/releases/download/v1.13.0/gotestsum_1.13.0_linux_arm64.tar.gz"}
"platforms.linux-x64" = { checksum = "sha256:11ccddeaf708ef228889f9fe2f68291a75b27013ddfc3b18156e094f5f40e8ee", url = "https://github.com/gotestyourself/gotestsum/releases/download/v1.13.0/gotestsum_1.13.0_linux_amd64.tar.gz"}
"platforms.macos-arm64" = { checksum = "sha256:509cb27aef747f48faf9bce424f59dcf79572c905204b990ee935bbfcc7fa0e9", url = "https://github.com/gotestyourself/gotestsum/releases/download/v1.13.0/gotestsum_1.13.0_darwin_arm64.tar.gz"}
"platforms.macos-x64" = { checksum = "sha256:99529350f4c7b780b1efc543ca0d9721b09f0a4228f0efa9281261f58fefa05a", url = "https://github.com/gotestyourself/gotestsum/releases/download/v1.13.0/gotestsum_1.13.0_darwin_amd64.tar.gz"}
"platforms.windows-x64" = { checksum = "sha256:fd5a6dc69e46a0970593e70d85a7e75f16714e9c61d6d72ccc324eb82df5bb8a", url = "https://github.com/gotestyourself/gotestsum/releases/download/v1.13.0/gotestsum_1.13.0_windows_amd64.tar.gz"}

[[tools.shfmt]]
version = "3.12.0"
backend = "aqua:mvdan/sh"
"platforms.linux-arm64" = { checksum = "sha256:5f3fe3fa6a9f766e6a182ba79a94bef8afedafc57db0b1ad32b0f67fae971ba4", url = "https://github.com/mvdan/sh/releases/download/v3.12.0/shfmt_v3.12.0_linux_arm64"}
"platforms.linux-x64" = { checksum = "sha256:d9fbb2a9c33d13f47e7618cf362a914d029d02a6df124064fff04fd688a745ea", url = "https://github.com/mvdan/sh/releases/download/v3.12.0/shfmt_v3.12.0_linux_amd64"}
"platforms.macos-arm64" = { checksum = "sha256:d903802e0ce3ecbc82b98512f55ba370b0d37a93f3f78de394f5b657052b33dd", url = "https://github.com/mvdan/sh/releases/download/v3.12.0/shfmt_v3.12.0_darwin_arm64"}
"platforms.macos-x64" = { checksum = "sha256:c31548693de6584e6164b7ed5fbb7b4a083f2d937ca94b4e0ddf59aa461a85e4", url = "https://github.com/mvdan/sh/releases/download/v3.12.0/shfmt_v3.12.0_darwin_amd64"}
"platforms.windows-x64" = { checksum = "sha256:c8bda517ba1c640ce4a715c0fa665439ddbe4357ba5e9b77b0e51e70e2b9c94b", url = "https://github.com/mvdan/sh/releases/download/v3.12.0/shfmt_v3.12.0_windows_amd64.exe"}
